<?xml version="1.0" encoding="UTF-8"?>
<CONFIG>
  <ProjectOptions>
    <Version Value="12"/>
    <PathDelim Value="\"/>
    <General>
      <Flags>
        <MainUnitHasUsesSectionForAllUnits Value="False"/>
        <MainUnitHasCreateFormStatements Value="False"/>
        <MainUnitHasTitleStatement Value="False"/>
      </Flags>
      <SessionStorage Value="InProjectDir"/>
      <Title Value="EssModel"/>
      <UseAppBundle Value="False"/>
      <ResourceType Value="res"/>
    </General>
    <i18n>
      <EnableI18N LFM="False"/>
    </i18n>
    <BuildModes>
      <Item Name="Debug" Default="True"/>
      <Item Name="Release">
        <CompilerOptions>
          <Version Value="11"/>
          <PathDelim Value="\"/>
          <SearchPaths>
            <IncludeFiles Value="Components;System;Model;Integrator\Code\Delphi;Integrator;CodeProvider;Integrator\CodeIO;Integrator\Code;Integrator\View;Integrator\View\RtfdDiagram;Integrator\Doc;Integrator\CodeIO\JavaClass;Integrator\Export;$(ProjOutDir)"/>
            <Libraries Value="Components"/>
            <OtherUnitFiles Value="Components;System;Model;Integrator\Code\Delphi;Integrator;CodeProvider;Integrator\CodeIO;Integrator\Code;Integrator\View;Integrator\View\RtfdDiagram;Integrator\Doc;Integrator\CodeIO\JavaClass;Integrator\Export"/>
            <UnitOutputDirectory Value="lib\$(TargetCPU)-$(TargetOS)\Release"/>
            <ObjectPath Value="Components"/>
          </SearchPaths>
          <CodeGeneration>
            <SmartLinkUnit Value="True"/>
            <Optimizations>
              <OptimizationLevel Value="3"/>
            </Optimizations>
          </CodeGeneration>
          <Linking>
            <Debugging>
              <GenerateDebugInfo Value="False"/>
            </Debugging>
            <LinkSmart Value="True"/>
            <Options>
              <Win32>
                <GraphicApplication Value="True"/>
              </Win32>
            </Options>
          </Linking>
        </CompilerOptions>
      </Item>
      <Item Name="Debug Win">
        <MacroValues Count="1">
          <Macro2 Name="LCLWidgetType" Value="win32"/>
        </MacroValues>
        <CompilerOptions>
          <Version Value="11"/>
          <PathDelim Value="\"/>
          <SearchPaths>
            <IncludeFiles Value="Components;System;Model;Integrator\Code\Delphi;Integrator;CodeProvider;Integrator\CodeIO;Integrator\Code;Integrator\View;Integrator\View\RtfdDiagram;Integrator\Doc;Integrator\CodeIO\JavaClass;Integrator\Export;$(ProjOutDir)"/>
            <Libraries Value="Components"/>
            <OtherUnitFiles Value="Components;System;Model;Integrator\Code\Delphi;Integrator;CodeProvider;Integrator\CodeIO;Integrator\Code;Integrator\View;Integrator\View\RtfdDiagram;Integrator\Doc;Integrator\CodeIO\JavaClass;Integrator\Export"/>
            <UnitOutputDirectory Value="lib\$(TargetCPU)-$(TargetOS)\Debug"/>
            <ObjectPath Value="Components"/>
          </SearchPaths>
          <Parsing>
            <SyntaxOptions>
              <IncludeAssertionCode Value="True"/>
            </SyntaxOptions>
          </Parsing>
          <CodeGeneration>
            <Checks>
              <IOChecks Value="True"/>
              <RangeChecks Value="True"/>
              <OverflowChecks Value="True"/>
              <StackChecks Value="True"/>
            </Checks>
            <Optimizations>
              <OptimizationLevel Value="0"/>
            </Optimizations>
          </CodeGeneration>
          <Linking>
            <Debugging>
              <UseExternalDbgSyms Value="True"/>
            </Debugging>
            <Options>
              <Win32>
                <GraphicApplication Value="True"/>
              </Win32>
            </Options>
          </Linking>
        </CompilerOptions>
      </Item>
      <Item Name="Release Win">
        <MacroValues Count="1">
          <Macro2 Name="LCLWidgetType" Value="win32"/>
        </MacroValues>
        <CompilerOptions>
          <Version Value="11"/>
          <PathDelim Value="\"/>
          <SearchPaths>
            <IncludeFiles Value="Components;System;Model;Integrator\Code\Delphi;Integrator;CodeProvider;Integrator\CodeIO;Integrator\Code;Integrator\View;Integrator\View\RtfdDiagram;Integrator\Doc;Integrator\CodeIO\JavaClass;Integrator\Export;$(ProjOutDir)"/>
            <Libraries Value="Components"/>
            <OtherUnitFiles Value="Components;System;Model;Integrator\Code\Delphi;Integrator;CodeProvider;Integrator\CodeIO;Integrator\Code;Integrator\View;Integrator\View\RtfdDiagram;Integrator\Doc;Integrator\CodeIO\JavaClass;Integrator\Export"/>
            <UnitOutputDirectory Value="lib\$(TargetCPU)-$(TargetOS)\Release"/>
            <ObjectPath Value="Components"/>
          </SearchPaths>
          <CodeGeneration>
            <SmartLinkUnit Value="True"/>
            <Optimizations>
              <OptimizationLevel Value="3"/>
            </Optimizations>
          </CodeGeneration>
          <Linking>
            <Debugging>
              <GenerateDebugInfo Value="False"/>
            </Debugging>
            <LinkSmart Value="True"/>
            <Options>
              <Win32>
                <GraphicApplication Value="True"/>
              </Win32>
            </Options>
          </Linking>
        </CompilerOptions>
      </Item>
      <SharedMatrixOptions Count="2">
        <Item1 ID="136284461055" Type="IDEMacro" MacroName="LCLWidgetType" Value="gtk2"/>
        <Item2 ID="811002104120" Modes="Release Win,Debug Win" Type="IDEMacro" MacroName="LCLWidgetType" Value="win32"/>
      </SharedMatrixOptions>
    </BuildModes>
    <PublishOptions>
      <Version Value="2"/>
    </PublishOptions>
    <RunParams>
      <FormatVersion Value="2"/>
      <Modes>
        <Mode Name="default"/>
      </Modes>
    </RunParams>
    <RequiredPackages>
      <Item>
        <PackageName Value="LCL"/>
      </Item>
    </RequiredPackages>
    <Units>
      <Unit>
        <Filename Value="EssModel.lpr"/>
        <IsPartOfProject Value="True"/>
      </Unit>
      <Unit>
        <Filename Value="System\uMainForm.pas"/>
        <IsPartOfProject Value="True"/>
        <ComponentName Value="MainForm"/>
        <HasResources Value="True"/>
        <ResourceBaseClass Value="Form"/>
      </Unit>
      <Unit>
        <Filename Value="System\uMainModule.pas"/>
        <IsPartOfProject Value="True"/>
        <ComponentName Value="MainModule"/>
        <HasResources Value="True"/>
        <ResourceBaseClass Value="DataModule"/>
      </Unit>
      <Unit>
        <Filename Value="Model\uListeners.pas"/>
        <IsPartOfProject Value="True"/>
      </Unit>
      <Unit>
        <Filename Value="Integrator\uIntegrator.pas"/>
        <IsPartOfProject Value="True"/>
      </Unit>
      <Unit>
        <Filename Value="Model\uModel.pas"/>
        <IsPartOfProject Value="True"/>
      </Unit>
      <Unit>
        <Filename Value="CodeProvider\uCodeProvider.pas"/>
        <IsPartOfProject Value="True"/>
      </Unit>
      <Unit>
        <Filename Value="CodeProvider\uFileProvider.pas"/>
        <IsPartOfProject Value="True"/>
      </Unit>
      <Unit>
        <Filename Value="Integrator\CodeIO\uCodeParser.pas"/>
        <IsPartOfProject Value="True"/>
      </Unit>
      <Unit>
        <Filename Value="Integrator\Code\uCodeIntegrator.pas"/>
        <IsPartOfProject Value="True"/>
      </Unit>
      <Unit>
        <Filename Value="Integrator\View\uViewIntegrator.pas"/>
        <IsPartOfProject Value="True"/>
      </Unit>
      <Unit>
        <Filename Value="Integrator\View\RtfdDiagram\uRtfdComponents.pas"/>
        <IsPartOfProject Value="True"/>
      </Unit>
      <Unit>
        <Filename Value="Integrator\View\RtfdDiagram\uRtfdDiagram.pas"/>
        <IsPartOfProject Value="True"/>
      </Unit>
      <Unit>
        <Filename Value="System\uError.pas"/>
        <IsPartOfProject Value="True"/>
      </Unit>
      <Unit>
        <Filename Value="System\uUseful.pas"/>
        <IsPartOfProject Value="True"/>
      </Unit>
      <Unit>
        <Filename Value="Model\uModelEntity.pas"/>
        <IsPartOfProject Value="True"/>
      </Unit>
      <Unit>
        <Filename Value="Integrator\CodeIO\uParseTree.pas"/>
        <IsPartOfProject Value="True"/>
      </Unit>
      <Unit>
        <Filename Value="System\uConfig.pas"/>
        <IsPartOfProject Value="True"/>
      </Unit>
      <Unit>
        <Filename Value="Integrator\View\uDiagramFrame.pas"/>
        <IsPartOfProject Value="True"/>
        <ComponentName Value="DiagramFrame"/>
        <HasResources Value="True"/>
        <ResourceBaseClass Value="Frame"/>
      </Unit>
      <Unit>
        <Filename Value="Integrator\View\RtfdDiagram\uRtfdDiagramFrame.pas"/>
        <IsPartOfProject Value="True"/>
        <HasResources Value="True"/>
      </Unit>
      <Unit>
        <Filename Value="Model\uIterators.pas"/>
        <IsPartOfProject Value="True"/>
      </Unit>
      <Unit>
        <Filename Value="Integrator\Doc\uDocGen.pas"/>
        <IsPartOfProject Value="True"/>
      </Unit>
      <Unit>
        <Filename Value="Model\uDocumentation.pas"/>
        <IsPartOfProject Value="True"/>
      </Unit>
      <Unit>
        <Filename Value="Integrator\CodeIO\JavaClass\uJavaClassImport.pas"/>
        <IsPartOfProject Value="True"/>
      </Unit>
      <Unit>
        <Filename Value="Integrator\CodeIO\JavaClass\uJavaClass.pas"/>
        <IsPartOfProject Value="True"/>
      </Unit>
      <Unit>
        <Filename Value="Components\essConnectPanel.pas"/>
        <IsPartOfProject Value="True"/>
      </Unit>
      <Unit>
        <Filename Value="Integrator\Export\uXmiExport.pas"/>
        <IsPartOfProject Value="True"/>
      </Unit>
      <Unit>
        <Filename Value="Components\essLayout.pas"/>
        <IsPartOfProject Value="True"/>
      </Unit>
      <Unit>
        <Filename Value="Integrator\Doc\uHtmlDocGen.pas"/>
        <IsPartOfProject Value="True"/>
      </Unit>
      <Unit>
        <Filename Value="Integrator\CodeIO\uJavaParser.pas"/>
        <IsPartOfProject Value="True"/>
      </Unit>
      <Unit>
        <Filename Value="Components\SugiyamaLayout.pas"/>
        <IsPartOfProject Value="True"/>
      </Unit>
      <Unit>
        <Filename Value="System\uConst.pas"/>
        <IsPartOfProject Value="True"/>
      </Unit>
      <Unit>
        <Filename Value="System\uAboutForm.pas"/>
        <IsPartOfProject Value="True"/>
        <ComponentName Value="AboutForm"/>
        <HasResources Value="True"/>
        <ResourceBaseClass Value="Form"/>
      </Unit>
      <Unit>
        <Filename Value="System\uSettingsForm.pas"/>
        <IsPartOfProject Value="True"/>
        <ComponentName Value="SettingsForm"/>
        <HasResources Value="True"/>
        <ResourceBaseClass Value="Form"/>
      </Unit>
      <Unit>
        <Filename Value="System\uFeedback.pas"/>
        <IsPartOfProject Value="True"/>
      </Unit>
      <Unit>
        <Filename Value="Integrator\View\uTreeViewFrame.pas"/>
        <IsPartOfProject Value="True"/>
        <ComponentName Value="TreeViewFrame"/>
        <HasResources Value="True"/>
        <ResourceBaseClass Value="Frame"/>
      </Unit>
      <Unit>
        <Filename Value="Integrator\View\uTreeViewIntegrator.pas"/>
        <IsPartOfProject Value="True"/>
      </Unit>
      <Unit>
        <Filename Value="Integrator\Export\uXmiExportArgoUML.pas"/>
        <IsPartOfProject Value="True"/>
      </Unit>
      <Unit>
        <Filename Value="System\uZoomFrame.pas"/>
        <IsPartOfProject Value="True"/>
        <ComponentName Value="ZoomFrame"/>
        <HasResources Value="True"/>
        <ResourceBaseClass Value="Frame"/>
      </Unit>
      <Unit>
        <Filename Value="Integrator\Export\uEmxExport.pas"/>
        <IsPartOfProject Value="True"/>
      </Unit>
      <Unit>
        <Filename Value="EssModelReadme.txt"/>
        <IsPartOfProject Value="True"/>
      </Unit>
      <Unit>
        <Filename Value="Integrator\CodeIO\ufpcParser.pas"/>
        <IsPartOfProject Value="True"/>
      </Unit>
      <Unit>
        <Filename Value="Integrator\Code\Delphi\ufpcIntegrator.pas"/>
        <IsPartOfProject Value="True"/>
      </Unit>
      <Unit>
        <Filename Value="Integrator\View\RtfdDiagram\uRtfdLabel.pas"/>
        <IsPartOfProject Value="True"/>
      </Unit>
      <Unit>
        <Filename Value="Integrator\Doc\umdocgen.pas"/>
        <IsPartOfProject Value="True"/>
        <UnitName Value="uMDocGen"/>
      </Unit>
    </Units>
  </ProjectOptions>
  <CompilerOptions>
    <Version Value="11"/>
    <PathDelim Value="\"/>
    <SearchPaths>
      <IncludeFiles Value="Components;System;Model;Integrator\Code\Delphi;Integrator;CodeProvider;Integrator\CodeIO;Integrator\Code;Integrator\View;Integrator\View\RtfdDiagram;Integrator\Doc;Integrator\CodeIO\JavaClass;Integrator\Export;$(ProjOutDir)"/>
      <Libraries Value="Components"/>
      <OtherUnitFiles Value="Components;System;Model;Integrator\Code\Delphi;Integrator;CodeProvider;Integrator\CodeIO;Integrator\Code;Integrator\View;Integrator\View\RtfdDiagram;Integrator\Doc;Integrator\CodeIO\JavaClass;Integrator\Export"/>
      <UnitOutputDirectory Value="lib\$(TargetCPU)-$(TargetOS)\Debug"/>
      <ObjectPath Value="Components"/>
    </SearchPaths>
    <Parsing>
      <SyntaxOptions>
        <IncludeAssertionCode Value="True"/>
      </SyntaxOptions>
    </Parsing>
    <CodeGeneration>
      <Checks>
        <IOChecks Value="True"/>
        <RangeChecks Value="True"/>
        <OverflowChecks Value="True"/>
        <StackChecks Value="True"/>
      </Checks>
      <Optimizations>
        <OptimizationLevel Value="0"/>
      </Optimizations>
    </CodeGeneration>
    <Linking>
      <Debugging>
        <DebugInfoType Value="dsDwarf3"/>
        <UseExternalDbgSyms Value="True"/>
      </Debugging>
      <Options>
        <Win32>
          <GraphicApplication Value="True"/>
        </Win32>
      </Options>
    </Linking>
  </CompilerOptions>
  <Debugging>
    <Exceptions>
      <Item>
        <Name Value="EAbort"/>
      </Item>
      <Item>
        <Name Value="ECodetoolError"/>
      </Item>
      <Item>
        <Name Value="EFOpenError"/>
      </Item>
    </Exceptions>
  </Debugging>
</CONFIG>
