<?xml version="1.0" encoding="UTF-8"?>
<CONFIG>
  <ProjectOptions>
    <Version Value="11"/>
    <PathDelim Value="\"/>
    <General>
      <Flags>
        <MainUnitHasUsesSectionForAllUnits Value="False"/>
        <MainUnitHasCreateFormStatements Value="False"/>
        <MainUnitHasTitleStatement Value="False"/>
      </Flags>
      <SessionStorage Value="InProjectDir"/>
      <MainUnit Value="0"/>
      <Title Value="EssModel"/>
      <UseAppBundle Value="False"/>
      <ResourceType Value="res"/>
    </General>
    <i18n>
      <EnableI18N LFM="False"/>
    </i18n>
    <MacroValues Count="1">
      <Macro1 Name="LCLWidgetType" Value="gtk2"/>
    </MacroValues>
    <BuildModes Count="4">
      <Item1 Name="Debug" Default="True"/>
      <Item2 Name="Release">
        <MacroValues Count="1">
          <Macro1 Name="LCLWidgetType" Value="gtk2"/>
        </MacroValues>
        <CompilerOptions>
          <Version Value="11"/>
          <PathDelim Value="\"/>
          <SearchPaths>
            <IncludeFiles Value="Components;System;Model;Integrator\Code\Delphi;Integrator;CodeProvider;Integrator\CodeIO;Integrator\Code;Integrator\View;Integrator\View\RtfdDiagram;Integrator\Doc;Integrator\CodeIO\JavaClass;Integrator\Export;$(ProjOutDir)"/>
            <Libraries Value="Components"/>
            <OtherUnitFiles Value="Components;System;Model;Integrator\Code\Delphi;Integrator;CodeProvider;Integrator\CodeIO;Integrator\Code;Integrator\View;Integrator\View\RtfdDiagram;Integrator\Doc;Integrator\CodeIO\JavaClass;Integrator\Export"/>
            <UnitOutputDirectory Value="lib\$(TargetCPU)-$(TargetOS)\Release"/>
            <ObjectPath Value="Components"/>
          </SearchPaths>
          <CodeGeneration>
            <SmartLinkUnit Value="True"/>
            <Optimizations>
              <OptimizationLevel Value="3"/>
            </Optimizations>
          </CodeGeneration>
          <Linking>
            <Debugging>
              <GenerateDebugInfo Value="False"/>
            </Debugging>
            <LinkSmart Value="True"/>
            <Options>
              <Win32>
                <GraphicApplication Value="True"/>
              </Win32>
            </Options>
          </Linking>
        </CompilerOptions>
      </Item2>
      <Item3 Name="Debug Win">
        <MacroValues Count="1">
          <Macro2 Name="LCLWidgetType" Value="win32"/>
        </MacroValues>
        <CompilerOptions>
          <Version Value="11"/>
          <PathDelim Value="\"/>
          <SearchPaths>
            <IncludeFiles Value="Components;System;Model;Integrator\Code\Delphi;Integrator;CodeProvider;Integrator\CodeIO;Integrator\Code;Integrator\View;Integrator\View\RtfdDiagram;Integrator\Doc;Integrator\CodeIO\JavaClass;Integrator\Export;$(ProjOutDir)"/>
            <Libraries Value="Components"/>
            <OtherUnitFiles Value="Components;System;Model;Integrator\Code\Delphi;Integrator;CodeProvider;Integrator\CodeIO;Integrator\Code;Integrator\View;Integrator\View\RtfdDiagram;Integrator\Doc;Integrator\CodeIO\JavaClass;Integrator\Export"/>
            <UnitOutputDirectory Value="lib\$(TargetCPU)-$(TargetOS)\Debug"/>
            <ObjectPath Value="Components"/>
          </SearchPaths>
          <Parsing>
            <SyntaxOptions>
              <IncludeAssertionCode Value="True"/>
            </SyntaxOptions>
          </Parsing>
          <CodeGeneration>
            <Checks>
              <IOChecks Value="True"/>
              <RangeChecks Value="True"/>
              <OverflowChecks Value="True"/>
              <StackChecks Value="True"/>
            </Checks>
            <Optimizations>
              <OptimizationLevel Value="0"/>
            </Optimizations>
          </CodeGeneration>
          <Linking>
            <Debugging>
              <UseExternalDbgSyms Value="True"/>
            </Debugging>
            <Options>
              <Win32>
                <GraphicApplication Value="True"/>
              </Win32>
            </Options>
          </Linking>
        </CompilerOptions>
      </Item3>
      <Item4 Name="Release Win">
        <MacroValues Count="1">
          <Macro2 Name="LCLWidgetType" Value="win32"/>
        </MacroValues>
        <CompilerOptions>
          <Version Value="11"/>
          <PathDelim Value="\"/>
          <SearchPaths>
            <IncludeFiles Value="Components;System;Model;Integrator\Code\Delphi;Integrator;CodeProvider;Integrator\CodeIO;Integrator\Code;Integrator\View;Integrator\View\RtfdDiagram;Integrator\Doc;Integrator\CodeIO\JavaClass;Integrator\Export;$(ProjOutDir)"/>
            <Libraries Value="Components"/>
            <OtherUnitFiles Value="Components;System;Model;Integrator\Code\Delphi;Integrator;CodeProvider;Integrator\CodeIO;Integrator\Code;Integrator\View;Integrator\View\RtfdDiagram;Integrator\Doc;Integrator\CodeIO\JavaClass;Integrator\Export"/>
            <UnitOutputDirectory Value="lib\$(TargetCPU)-$(TargetOS)\Release"/>
            <ObjectPath Value="Components"/>
          </SearchPaths>
          <CodeGeneration>
            <SmartLinkUnit Value="True"/>
            <Optimizations>
              <OptimizationLevel Value="3"/>
            </Optimizations>
          </CodeGeneration>
          <Linking>
            <Debugging>
              <GenerateDebugInfo Value="False"/>
            </Debugging>
            <LinkSmart Value="True"/>
            <Options>
              <Win32>
                <GraphicApplication Value="True"/>
              </Win32>
            </Options>
          </Linking>
        </CompilerOptions>
      </Item4>
      <SharedMatrixOptions Count="2">
        <Item1 ID="136284461055" Modes="Debug,Release" Type="IDEMacro" MacroName="LCLWidgetType" Value="gtk2"/>
        <Item2 ID="811002104120" Modes="Release Win,Debug Win" Type="IDEMacro" MacroName="LCLWidgetType" Value="win32"/>
      </SharedMatrixOptions>
    </BuildModes>
    <PublishOptions>
      <Version Value="2"/>
    </PublishOptions>
    <RunParams>
      <FormatVersion Value="2"/>
      <Modes Count="1">
        <Mode0 Name="default"/>
      </Modes>
    </RunParams>
    <RequiredPackages Count="1">
      <Item1>
        <PackageName Value="LCL"/>
      </Item1>
    </RequiredPackages>
    <Units Count="45">
      <Unit0>
        <Filename Value="EssModel.lpr"/>
        <IsPartOfProject Value="True"/>
      </Unit0>
      <Unit1>
        <Filename Value="System\uMainForm.pas"/>
        <IsPartOfProject Value="True"/>
        <ComponentName Value="MainForm"/>
        <HasResources Value="True"/>
        <ResourceBaseClass Value="Form"/>
      </Unit1>
      <Unit2>
        <Filename Value="System\uMainModule.pas"/>
        <IsPartOfProject Value="True"/>
        <ComponentName Value="MainModule"/>
        <HasResources Value="True"/>
        <ResourceBaseClass Value="DataModule"/>
      </Unit2>
      <Unit3>
        <Filename Value="Model\uListeners.pas"/>
        <IsPartOfProject Value="True"/>
      </Unit3>
      <Unit4>
        <Filename Value="Integrator\uIntegrator.pas"/>
        <IsPartOfProject Value="True"/>
      </Unit4>
      <Unit5>
        <Filename Value="Model\uModel.pas"/>
        <IsPartOfProject Value="True"/>
      </Unit5>
      <Unit6>
        <Filename Value="CodeProvider\uCodeProvider.pas"/>
        <IsPartOfProject Value="True"/>
      </Unit6>
      <Unit7>
        <Filename Value="CodeProvider\uFileProvider.pas"/>
        <IsPartOfProject Value="True"/>
      </Unit7>
      <Unit8>
        <Filename Value="Integrator\CodeIO\uCodeParser.pas"/>
        <IsPartOfProject Value="True"/>
      </Unit8>
      <Unit9>
        <Filename Value="Integrator\Code\uCodeIntegrator.pas"/>
        <IsPartOfProject Value="True"/>
      </Unit9>
      <Unit10>
        <Filename Value="Integrator\View\uViewIntegrator.pas"/>
        <IsPartOfProject Value="True"/>
      </Unit10>
      <Unit11>
        <Filename Value="Integrator\View\RtfdDiagram\uRtfdComponents.pas"/>
        <IsPartOfProject Value="True"/>
      </Unit11>
      <Unit12>
        <Filename Value="Integrator\View\RtfdDiagram\uRtfdDiagram.pas"/>
        <IsPartOfProject Value="True"/>
      </Unit12>
      <Unit13>
        <Filename Value="System\uError.pas"/>
        <IsPartOfProject Value="True"/>
      </Unit13>
      <Unit14>
        <Filename Value="System\uUseful.pas"/>
        <IsPartOfProject Value="True"/>
      </Unit14>
      <Unit15>
        <Filename Value="Model\uModelEntity.pas"/>
        <IsPartOfProject Value="True"/>
      </Unit15>
      <Unit16>
        <Filename Value="Integrator\CodeIO\uParseTree.pas"/>
        <IsPartOfProject Value="True"/>
      </Unit16>
      <Unit17>
        <Filename Value="System\uConfig.pas"/>
        <IsPartOfProject Value="True"/>
      </Unit17>
      <Unit18>
        <Filename Value="Integrator\View\uDiagramFrame.pas"/>
        <IsPartOfProject Value="True"/>
        <ComponentName Value="DiagramFrame"/>
        <HasResources Value="True"/>
        <ResourceBaseClass Value="Frame"/>
      </Unit18>
      <Unit19>
        <Filename Value="Integrator\View\RtfdDiagram\uRtfdDiagramFrame.pas"/>
        <IsPartOfProject Value="True"/>
        <HasResources Value="True"/>
      </Unit19>
      <Unit20>
        <Filename Value="Model\uIterators.pas"/>
        <IsPartOfProject Value="True"/>
      </Unit20>
      <Unit21>
        <Filename Value="Integrator\Doc\uDocGen.pas"/>
        <IsPartOfProject Value="True"/>
      </Unit21>
      <Unit22>
        <Filename Value="Model\uDocumentation.pas"/>
        <IsPartOfProject Value="True"/>
      </Unit22>
      <Unit23>
        <Filename Value="Integrator\CodeIO\JavaClass\uJavaClassImport.pas"/>
        <IsPartOfProject Value="True"/>
      </Unit23>
      <Unit24>
        <Filename Value="Integrator\CodeIO\JavaClass\uJavaClass.pas"/>
        <IsPartOfProject Value="True"/>
      </Unit24>
      <Unit25>
        <Filename Value="Components\essConnectPanel.pas"/>
        <IsPartOfProject Value="True"/>
      </Unit25>
      <Unit26>
        <Filename Value="Integrator\Export\uXmiExport.pas"/>
        <IsPartOfProject Value="True"/>
      </Unit26>
      <Unit27>
        <Filename Value="Components\essLayout.pas"/>
        <IsPartOfProject Value="True"/>
      </Unit27>
      <Unit28>
        <Filename Value="Integrator\Doc\uHtmlDocGen.pas"/>
        <IsPartOfProject Value="True"/>
      </Unit28>
      <Unit29>
        <Filename Value="Integrator\CodeIO\uJavaParser.pas"/>
        <IsPartOfProject Value="True"/>
      </Unit29>
      <Unit30>
        <Filename Value="Components\SugiyamaLayout.pas"/>
        <IsPartOfProject Value="True"/>
      </Unit30>
      <Unit31>
        <Filename Value="System\uConst.pas"/>
        <IsPartOfProject Value="True"/>
      </Unit31>
      <Unit32>
        <Filename Value="System\uAboutForm.pas"/>
        <IsPartOfProject Value="True"/>
        <ComponentName Value="AboutForm"/>
        <HasResources Value="True"/>
        <ResourceBaseClass Value="Form"/>
      </Unit32>
      <Unit33>
        <Filename Value="System\uSettingsForm.pas"/>
        <IsPartOfProject Value="True"/>
        <ComponentName Value="SettingsForm"/>
        <HasResources Value="True"/>
        <ResourceBaseClass Value="Form"/>
      </Unit33>
      <Unit34>
        <Filename Value="System\uFeedback.pas"/>
        <IsPartOfProject Value="True"/>
      </Unit34>
      <Unit35>
        <Filename Value="Integrator\View\uTreeViewFrame.pas"/>
        <IsPartOfProject Value="True"/>
        <ComponentName Value="TreeViewFrame"/>
        <HasResources Value="True"/>
        <ResourceBaseClass Value="Frame"/>
      </Unit35>
      <Unit36>
        <Filename Value="Integrator\View\uTreeViewIntegrator.pas"/>
        <IsPartOfProject Value="True"/>
      </Unit36>
      <Unit37>
        <Filename Value="Integrator\Export\uXmiExportArgoUML.pas"/>
        <IsPartOfProject Value="True"/>
      </Unit37>
      <Unit38>
        <Filename Value="System\uZoomFrame.pas"/>
        <IsPartOfProject Value="True"/>
        <ComponentName Value="ZoomFrame"/>
        <HasResources Value="True"/>
        <ResourceBaseClass Value="Frame"/>
      </Unit38>
      <Unit39>
        <Filename Value="Integrator\Export\uEmxExport.pas"/>
        <IsPartOfProject Value="True"/>
      </Unit39>
      <Unit40>
        <Filename Value="EssModelReadme.txt"/>
        <IsPartOfProject Value="True"/>
      </Unit40>
      <Unit41>
        <Filename Value="Integrator\CodeIO\ufpcParser.pas"/>
        <IsPartOfProject Value="True"/>
      </Unit41>
      <Unit42>
        <Filename Value="Integrator\Code\Delphi\ufpcIntegrator.pas"/>
        <IsPartOfProject Value="True"/>
      </Unit42>
      <Unit43>
        <Filename Value="Integrator\View\RtfdDiagram\uRtfdLabel.pas"/>
        <IsPartOfProject Value="True"/>
      </Unit43>
      <Unit44>
        <Filename Value="Integrator\Doc\umdocgen.pas"/>
        <IsPartOfProject Value="True"/>
        <UnitName Value="uMDocGen"/>
      </Unit44>
    </Units>
  </ProjectOptions>
  <CompilerOptions>
    <Version Value="11"/>
    <PathDelim Value="\"/>
    <SearchPaths>
      <IncludeFiles Value="Components;System;Model;Integrator\Code\Delphi;Integrator;CodeProvider;Integrator\CodeIO;Integrator\Code;Integrator\View;Integrator\View\RtfdDiagram;Integrator\Doc;Integrator\CodeIO\JavaClass;Integrator\Export;$(ProjOutDir)"/>
      <Libraries Value="Components"/>
      <OtherUnitFiles Value="Components;System;Model;Integrator\Code\Delphi;Integrator;CodeProvider;Integrator\CodeIO;Integrator\Code;Integrator\View;Integrator\View\RtfdDiagram;Integrator\Doc;Integrator\CodeIO\JavaClass;Integrator\Export"/>
      <UnitOutputDirectory Value="lib\$(TargetCPU)-$(TargetOS)\Debug"/>
      <ObjectPath Value="Components"/>
    </SearchPaths>
    <Parsing>
      <SyntaxOptions>
        <IncludeAssertionCode Value="True"/>
      </SyntaxOptions>
    </Parsing>
    <CodeGeneration>
      <Checks>
        <IOChecks Value="True"/>
        <RangeChecks Value="True"/>
        <OverflowChecks Value="True"/>
        <StackChecks Value="True"/>
      </Checks>
      <Optimizations>
        <OptimizationLevel Value="0"/>
      </Optimizations>
    </CodeGeneration>
    <Linking>
      <Debugging>
        <UseExternalDbgSyms Value="True"/>
      </Debugging>
      <Options>
        <Win32>
          <GraphicApplication Value="True"/>
        </Win32>
      </Options>
    </Linking>
  </CompilerOptions>
  <Debugging>
    <Exceptions Count="3">
      <Item1>
        <Name Value="EAbort"/>
      </Item1>
      <Item2>
        <Name Value="ECodetoolError"/>
      </Item2>
      <Item3>
        <Name Value="EFOpenError"/>
      </Item3>
    </Exceptions>
  </Debugging>
</CONFIG>
